github.com/davecgh/go-spew v1.1.1 h1:vj9j/u1bqnvCEfJOwUhtlOARqs3+rkHYY13jYWTU97c=
github.com/davecgh/go-spew v1.1.1/go.mod h1:J7Y8YcW2NihsgmVo/mv3lAwl/skON4iLHjSsI+c5H38=
github.com/google/go-cmp v0.7.0 h1:wk8382ETsv4JYUZwIsn6YpYiWiBsYLSJiTsyBybVuN8=
github.com/google/go-cmp v0.7.0/go.mod h1:pXiqmnSA92OHEEa9HXL2W4E7lf9JzCmGVUdgjX3N/iU=
github.com/google/pprof v0.0.0-20260507013755-92041b743c96 h1:YDDnaZ9afWajDboPMt9Vikqca/yWAX7KAxVzb4lJU1M=
github.com/google/pprof v0.0.0-20260507013755-92041b743c96/go.mod h1:MxpfABSjhmINe3F1It9d+8exIHFvUqtLIRCdOGNXqiI=
github.com/ianlancetaylor/demangle v0.0.0-20250417193237-f615e6bd150b h1:ogbOPx86mIhFy764gGkqnkFC8m5PJA7sPzlk9ppLVQA=
github.com/ianlancetaylor/demangle v0.0.0-20250417193237-f615e6bd150b/go.mod h1:gx7rwoVhcfuVKG5uya9Hs3Sxj7EIvldVofAWIUtGouw=
github.com/klauspost/compress v1.19.0 h1:sXLILfc9jV2QYWkzFOPWStmcUVH2RHEB1JCdY2oVvCQ=
github.com/klauspost/compress v1.19.0/go.mod h1:cwPg85FWrGar70rWktvGQj8/hthj3wpl0PGDogxkrSQ=
github.com/pierrec/lz4/v4 v4.1.27 h1:+PhzhWDrjRj89TH2sw43nE3+4+W8lSxIuQadEHZyjUk=
github.com/pierrec/lz4/v4 v4.1.27/go.mod h1:EoQMVJgeeEOMsCqCzqFm2O0cJvljX2nGZjcRIPL34O4=
github.com/pmezard/go-difflib v1.0.0 h1:4DBwDE0NGyQoBHbLQYPwSUPoCMWR5BEzIk/f1lZbAQM=
github.com/pmezard/go-difflib v1.0.0/go.mod h1:iKH77koFhYxTK1pcRnkKkqfTogsbg7gZNVY4sRDYZ/4=
github.com/stretchr/testify v1.11.1 h1:7s2iGBzp5EwR7/aIZr8ao5+dra3wiQyKjjFuvgVKu7U=
github.com/stretchr/testify v1.11.1/go.mod h1:wZwfW3scLgRK+23gO65QZefKpKQRnfz6sD981Nm4B6U=
github.com/wow-look-at-my/go-containers v0.0.0-20260826161058-40a3d1ef3d41 h1:mi/frNfEWPA/O57Qxsxyz6QEmOlQM8I0loFcRrmU9do=
github.com/wow-look-at-my/go-containers v0.0.0-20260826161058-40a3d1ef3d41/go.mod h1:7j8wbDwrqh+uJnlENqD5iwsgYkF4y3kIgremn/ctvVE=
github.com/wow-look-at-my/go-s3-server/cacheclient v0.0.0-20260901055422-63db57829585 h1:EyuX9OIB/EwaEpBipKav7LMJbgyWfxkORtQaIcQLPGI=
github.com/wow-look-at-my/go-s3-server/cacheclient v0.0.0-20260901055422-63db57829585/go.mod h1:BI/XsBo9rG7lyHeaUEq0RBzZPnOGNG/B0HojgZ19n7k=
github.com/yuin/goldmark v1.6.0 h1:boZcn2GTjpsynOsC0iJHnBWa4Bi0qzfJjthwauItG68=
github.com/yuin/goldmark v1.6.0/go.mod h1:6yULJ656Px+3vBD8DxQVa3kxgyrAnzto9xy5taEt/CY=
golang.org/x/arch v0.27.1-0.20260521044007-9c1a596a2c97 h1:OEbDVxixMxnrAI3whhcFkCb0rPrEHwxeSSUMdN0V414=
golang.org/x/arch v0.27.1-0.20260521044007-9c1a596a2c97/go.mod h1:0X+GdSIP+kL5wPmpK7sdkEVTt2XoYP0cSjQSbZBwOi8=
golang.org/x/build v0.0.0-20260522210304-d55d0041b921 h1:94de7eCg8UQyP1wZw1ap2Y6rUGCmlKFSmffASSuprtk=
golang.org/x/build v0.0.0-20260522210304-d55d0041b921/go.mod h1:fBHxr1BrGapBTKSXEIQF99Z70AVWGYjAYKtf4FahAkA=
golang.org/x/mod v0.36.1-0.20260813213634-8569e2639ca1 h1:mvVf5vNWIEd2A6cnWTrK9hv194u/9lVqhYdiQzRvBZo=
golang.org/x/mod v0.36.1-0.20260813213634-8569e2639ca1/go.mod h1:moc6ELqsWcOw5Ef3xVprK5ul/MvtVvkIXLziUOICjUQ=
golang.org/x/sync v0.20.0 h1:e0PTpb7pjO8GAtTs2dQ6jYa5BWYlMuX047Dco/pItO4=
golang.org/x/sync v0.20.0/go.mod h1:9xrNwdLfx4jkKbNva9FpL6vEN7evnE43NNNJQ2LF3+0=
golang.org/x/sys v0.45.0 h1:dO4czNzziLiiXplLQgBCEpCvXQ3dnkn0SdaZSYdQ+FY=
golang.org/x/sys v0.45.0/go.mod h1:4GL1E5IUh+htKOUEOaiffhrAeqysfVGipDYzABqnCmw=
golang.org/x/telemetry v0.0.0-20260519152614-eab6ae52b5e2 h1:2EucmYlcIsc8Y6aLj+kX90Y00hmjqLNlw935kc13R2k=
golang.org/x/telemetry v0.0.0-20260519152614-eab6ae52b5e2/go.mod h1:Eqhaxk/wZsWEH8CRxLwj6xzEJbz7k1EFGqx7nyCoabE=
golang.org/x/term v0.43.0 h1:S4RLU2sB31O/NCl+zFN9Aru9A/Cq2aqKpTZJ6B+DwT4=
golang.org/x/term v0.43.0/go.mod h1:lrhlHNdQJHO+1qVYiHfFKVuVioJIheAc3fBSMFYEIsk=
golang.org/x/text v0.37.0 h1:Cqjiwd9eSg8e0QAkyCaQTNHFIIzWtidPahFWR83rTrc=
golang.org/x/text v0.37.0/go.mod h1:a5sjxXGs9hsn/AJVwuElvCAo9v8QYLzvavO5z2PiM38=
golang.org/x/tools v0.45.1-0.20260730185712-faf6fa7c2f89 h1:xFO+JWdpoTIFkUDzLfZrX4+NSAU3FZ8zc3wzsP7+aWQ=
golang.org/x/tools v0.45.1-0.20260730185712-faf6fa7c2f89/go.mod h1:LuUGqqaXcXMEFEruIVJVm5mgDD8vww/z/SR1gQ4uE/0=
gopkg.in/yaml.v3 v3.0.1 h1:fxVm/GzAzEWqLHuvctI91KS9hhNmmWOoWu0XTYJS7CA=
gopkg.in/yaml.v3 v3.0.1/go.mod h1:K4uyk7z7BCEPqu6E+C64Yfv1cQ7kz7rIZviUmN+EgEM=
rsc.io/markdown v0.0.0-20240306144322-0bf8f97ee8ef h1:mqLYrXCXYEZOop9/Dbo6RPX11539nwiCNBb1icVPmw8=
rsc.io/markdown v0.0.0-20240306144322-0bf8f97ee8ef/go.mod h1:8xcPgWmwlZONN1D9bjxtHEjrUtSEa3fakVF8iaewYKQ=
